
Microsoft Visual Studio Solution File, Format Version 12.00
# Visual Studio 2013
VisualStudioVersion = 12.0.21005.1
MinimumVisualStudioVersion = 10.0.40219.1
Project("{FAE04EC0-301F-11D3-BF4B-00C04F79EFBC}") = "BattleNetShop.Model", "BattleNetShop.Model\BattleNetShop.Model.csproj", "{0144DE51-520F-4226-8AEA-ACCD5CEEF6BF}"
EndProject
Project("{2150E333-8FDC-42A3-9474-1A3956D46DE8}") = "Fiddles", "Fiddles", "{28B9F19D-9442-4007-82A7-BC7395933077}"
EndProject
Project("{FAE04EC0-301F-11D3-BF4B-00C04F79EFBC}") = "DBGenerationTest", "DBGenerationTest\DBGenerationTest.csproj", "{5758307E-504E-4F42-916B-7C46F4A92F83}"
EndProject
Project("{FAE04EC0-301F-11D3-BF4B-00C04F79EFBC}") = "BattleNetShop.Data.MySql", "BattleNetShop.Data.MySql\BattleNetShop.Data.MySql.csproj", "{3A05F6F4-24F4-4122-91DD-BC37F19FAB69}"
EndProject
Project("{2150E333-8FDC-42A3-9474-1A3956D46DE8}") = "Data", "Data", "{073B0B16-B559-45A6-A8CE-83A6D863255E}"
EndProject
Project("{2150E333-8FDC-42A3-9474-1A3956D46DE8}") = "Model", "Model", "{E56A96E2-42E6-441D-B21A-ABFA5FF28410}"
EndProject
Project("{2150E333-8FDC-42A3-9474-1A3956D46DE8}") = "Client", "Client", "{7E508921-CD1D-4FEB-8025-7E54B3F5CFF4}"
EndProject
Project("{FAE04EC0-301F-11D3-BF4B-00C04F79EFBC}") = "BattleNetShop.Data.MongoDb", "BattleNetShop.Data.MongoDb\BattleNetShop.Data.MongoDb.csproj", "{801FD9F8-9891-443F-8688-D00472D6A65F}"
EndProject
Project("{FAE04EC0-301F-11D3-BF4B-00C04F79EFBC}") = "BattleNetShop.Data.Excel.Xls", "BattleNetShop.Data.Excel.Xls\BattleNetShop.Data.Excel.Xls.csproj", "{368D1A8C-9469-49E2-A20B-B41C00C0A85D}"
EndProject
Project("{FAE04EC0-301F-11D3-BF4B-00C04F79EFBC}") = "BattleNetShop.Data.Excel.Xlsx", "BattleNetShop.Data.Excel.Xlsx\BattleNetShop.Data.Excel.Xlsx.csproj", "{B4F6260D-0AB0-450D-9462-E510A78B013B}"
EndProject
Project("{FAE04EC0-301F-11D3-BF4B-00C04F79EFBC}") = "BattleNetShop.Data.MSSQL", "BattleNetShop.Data.MSSQL\BattleNetShop.Data.MSSQL.csproj", "{6BF7172A-E7DB-42C5-8122-6D6B65EAFF5A}"
EndProject
Project("{FAE04EC0-301F-11D3-BF4B-00C04F79EFBC}") = "BattleNetShop.Data.SQLite", "BattleNetShop.Data.SQLite\BattleNetShop.Data.SQLite.csproj", "{718AF6A2-9B4B-4B6C-B931-7760D17000C0}"
EndProject
Project("{FAE04EC0-301F-11D3-BF4B-00C04F79EFBC}") = "BattleNetShop.Data.XML", "BattleNetShop.Data.XML\BattleNetShop.Data.XML.csproj", "{AC1E7F6D-E06E-4CEC-8D08-9C4E3C23A70C}"
EndProject
Project("{FAE04EC0-301F-11D3-BF4B-00C04F79EFBC}") = "BattleNetShop.Data.PDF", "BattleNetShop.Data.PDF\BattleNetShop.Data.PDF.csproj", "{6244A825-A67D-454D-B96E-8F63D804A8EB}"
EndProject
Project("{FAE04EC0-301F-11D3-BF4B-00C04F79EFBC}") = "BattleNetShop.Data.JSON", "BattleNetShop.Data.JSON\BattleNetShop.Data.JSON.csproj", "{193E18DE-7F43-4786-977D-2BB26D65A7B0}"
EndProject
Project("{FAE04EC0-301F-11D3-BF4B-00C04F79EFBC}") = "ConsoleClient", "ConsoleClient\ConsoleClient.csproj", "{CE586A30-E9C7-4A29-BE69-753ACB1C90D0}"
EndProject
Project("{2150E333-8FDC-42A3-9474-1A3956D46DE8}") = "Utils", "Utils", "{94851855-81CB-441B-9043-5640964F687D}"
EndProject
Project("{FAE04EC0-301F-11D3-BF4B-00C04F79EFBC}") = "ZipFileHandler", "ZipFileHandler\ZipFileHandler.csproj", "{66D9DD05-D06E-454F-AD92-2AC3DF7BD8B3}"
EndProject
Project("{FAE04EC0-301F-11D3-BF4B-00C04F79EFBC}") = "Problem-4-GenerateJSONFiles", "Problem-4-GenerateJSONFiles\Problem-4-GenerateJSONFiles.csproj", "{22B677A1-1133-430F-9C1A-839A905B094D}"
EndProject
Global
	GlobalSection(SolutionConfigurationPlatforms) = preSolution
		Debug|Any CPU = Debug|Any CPU
		Release|Any CPU = Release|Any CPU
	EndGlobalSection
	GlobalSection(ProjectConfigurationPlatforms) = postSolution
		{0144DE51-520F-4226-8AEA-ACCD5CEEF6BF}.Debug|Any CPU.ActiveCfg = Debug|Any CPU
		{0144DE51-520F-4226-8AEA-ACCD5CEEF6BF}.Debug|Any CPU.Build.0 = Debug|Any CPU
		{0144DE51-520F-4226-8AEA-ACCD5CEEF6BF}.Release|Any CPU.ActiveCfg = Release|Any CPU
		{0144DE51-520F-4226-8AEA-ACCD5CEEF6BF}.Release|Any CPU.Build.0 = Release|Any CPU
		{5758307E-504E-4F42-916B-7C46F4A92F83}.Debug|Any CPU.ActiveCfg = Debug|Any CPU
		{5758307E-504E-4F42-916B-7C46F4A92F83}.Debug|Any CPU.Build.0 = Debug|Any CPU
		{5758307E-504E-4F42-916B-7C46F4A92F83}.Release|Any CPU.ActiveCfg = Release|Any CPU
		{5758307E-504E-4F42-916B-7C46F4A92F83}.Release|Any CPU.Build.0 = Release|Any CPU
		{3A05F6F4-24F4-4122-91DD-BC37F19FAB69}.Debug|Any CPU.ActiveCfg = Debug|Any CPU
		{3A05F6F4-24F4-4122-91DD-BC37F19FAB69}.Debug|Any CPU.Build.0 = Debug|Any CPU
		{3A05F6F4-24F4-4122-91DD-BC37F19FAB69}.Release|Any CPU.ActiveCfg = Release|Any CPU
		{3A05F6F4-24F4-4122-91DD-BC37F19FAB69}.Release|Any CPU.Build.0 = Release|Any CPU
		{801FD9F8-9891-443F-8688-D00472D6A65F}.Debug|Any CPU.ActiveCfg = Debug|Any CPU
		{801FD9F8-9891-443F-8688-D00472D6A65F}.Debug|Any CPU.Build.0 = Debug|Any CPU
		{801FD9F8-9891-443F-8688-D00472D6A65F}.Release|Any CPU.ActiveCfg = Release|Any CPU
		{801FD9F8-9891-443F-8688-D00472D6A65F}.Release|Any CPU.Build.0 = Release|Any CPU
		{368D1A8C-9469-49E2-A20B-B41C00C0A85D}.Debug|Any CPU.ActiveCfg = Debug|Any CPU
		{368D1A8C-9469-49E2-A20B-B41C00C0A85D}.Debug|Any CPU.Build.0 = Debug|Any CPU
		{368D1A8C-9469-49E2-A20B-B41C00C0A85D}.Release|Any CPU.ActiveCfg = Release|Any CPU
		{368D1A8C-9469-49E2-A20B-B41C00C0A85D}.Release|Any CPU.Build.0 = Release|Any CPU
		{B4F6260D-0AB0-450D-9462-E510A78B013B}.Debug|Any CPU.ActiveCfg = Debug|Any CPU
		{B4F6260D-0AB0-450D-9462-E510A78B013B}.Debug|Any CPU.Build.0 = Debug|Any CPU
		{B4F6260D-0AB0-450D-9462-E510A78B013B}.Release|Any CPU.ActiveCfg = Release|Any CPU
		{B4F6260D-0AB0-450D-9462-E510A78B013B}.Release|Any CPU.Build.0 = Release|Any CPU
		{6BF7172A-E7DB-42C5-8122-6D6B65EAFF5A}.Debug|Any CPU.ActiveCfg = Debug|Any CPU
		{6BF7172A-E7DB-42C5-8122-6D6B65EAFF5A}.Debug|Any CPU.Build.0 = Debug|Any CPU
		{6BF7172A-E7DB-42C5-8122-6D6B65EAFF5A}.Release|Any CPU.ActiveCfg = Release|Any CPU
		{6BF7172A-E7DB-42C5-8122-6D6B65EAFF5A}.Release|Any CPU.Build.0 = Release|Any CPU
		{718AF6A2-9B4B-4B6C-B931-7760D17000C0}.Debug|Any CPU.ActiveCfg = Debug|Any CPU
		{718AF6A2-9B4B-4B6C-B931-7760D17000C0}.Debug|Any CPU.Build.0 = Debug|Any CPU
		{718AF6A2-9B4B-4B6C-B931-7760D17000C0}.Release|Any CPU.ActiveCfg = Release|Any CPU
		{718AF6A2-9B4B-4B6C-B931-7760D17000C0}.Release|Any CPU.Build.0 = Release|Any CPU
		{AC1E7F6D-E06E-4CEC-8D08-9C4E3C23A70C}.Debug|Any CPU.ActiveCfg = Debug|Any CPU
		{AC1E7F6D-E06E-4CEC-8D08-9C4E3C23A70C}.Debug|Any CPU.Build.0 = Debug|Any CPU
		{AC1E7F6D-E06E-4CEC-8D08-9C4E3C23A70C}.Release|Any CPU.ActiveCfg = Release|Any CPU
		{AC1E7F6D-E06E-4CEC-8D08-9C4E3C23A70C}.Release|Any CPU.Build.0 = Release|Any CPU
		{6244A825-A67D-454D-B96E-8F63D804A8EB}.Debug|Any CPU.ActiveCfg = Debug|Any CPU
		{6244A825-A67D-454D-B96E-8F63D804A8EB}.Debug|Any CPU.Build.0 = Debug|Any CPU
		{6244A825-A67D-454D-B96E-8F63D804A8EB}.Release|Any CPU.ActiveCfg = Release|Any CPU
		{6244A825-A67D-454D-B96E-8F63D804A8EB}.Release|Any CPU.Build.0 = Release|Any CPU
		{193E18DE-7F43-4786-977D-2BB26D65A7B0}.Debug|Any CPU.ActiveCfg = Debug|Any CPU
		{193E18DE-7F43-4786-977D-2BB26D65A7B0}.Debug|Any CPU.Build.0 = Debug|Any CPU
		{193E18DE-7F43-4786-977D-2BB26D65A7B0}.Release|Any CPU.ActiveCfg = Release|Any CPU
		{193E18DE-7F43-4786-977D-2BB26D65A7B0}.Release|Any CPU.Build.0 = Release|Any CPU
		{CE586A30-E9C7-4A29-BE69-753ACB1C90D0}.Debug|Any CPU.ActiveCfg = Debug|Any CPU
		{CE586A30-E9C7-4A29-BE69-753ACB1C90D0}.Debug|Any CPU.Build.0 = Debug|Any CPU
		{CE586A30-E9C7-4A29-BE69-753ACB1C90D0}.Release|Any CPU.ActiveCfg = Release|Any CPU
		{CE586A30-E9C7-4A29-BE69-753ACB1C90D0}.Release|Any CPU.Build.0 = Release|Any CPU
		{66D9DD05-D06E-454F-AD92-2AC3DF7BD8B3}.Debug|Any CPU.ActiveCfg = Debug|Any CPU
		{66D9DD05-D06E-454F-AD92-2AC3DF7BD8B3}.Debug|Any CPU.Build.0 = Debug|Any CPU
		{66D9DD05-D06E-454F-AD92-2AC3DF7BD8B3}.Release|Any CPU.ActiveCfg = Release|Any CPU
		{66D9DD05-D06E-454F-AD92-2AC3DF7BD8B3}.Release|Any CPU.Build.0 = Release|Any CPU
		{22B677A1-1133-430F-9C1A-839A905B094D}.Debug|Any CPU.ActiveCfg = Debug|Any CPU
		{22B677A1-1133-430F-9C1A-839A905B094D}.Debug|Any CPU.Build.0 = Debug|Any CPU
		{22B677A1-1133-430F-9C1A-839A905B094D}.Release|Any CPU.ActiveCfg = Release|Any CPU
		{22B677A1-1133-430F-9C1A-839A905B094D}.Release|Any CPU.Build.0 = Release|Any CPU
	EndGlobalSection
	GlobalSection(SolutionProperties) = preSolution
		HideSolutionNode = FALSE
	EndGlobalSection
	GlobalSection(NestedProjects) = preSolution
		{0144DE51-520F-4226-8AEA-ACCD5CEEF6BF} = {E56A96E2-42E6-441D-B21A-ABFA5FF28410}
		{5758307E-504E-4F42-916B-7C46F4A92F83} = {28B9F19D-9442-4007-82A7-BC7395933077}
		{22B677A1-1133-430F-9C1A-839A905B094D} = {28B9F19D-9442-4007-82A7-BC7395933077}
		{3A05F6F4-24F4-4122-91DD-BC37F19FAB69} = {073B0B16-B559-45A6-A8CE-83A6D863255E}
		{801FD9F8-9891-443F-8688-D00472D6A65F} = {073B0B16-B559-45A6-A8CE-83A6D863255E}
		{368D1A8C-9469-49E2-A20B-B41C00C0A85D} = {073B0B16-B559-45A6-A8CE-83A6D863255E}
		{B4F6260D-0AB0-450D-9462-E510A78B013B} = {073B0B16-B559-45A6-A8CE-83A6D863255E}
		{6BF7172A-E7DB-42C5-8122-6D6B65EAFF5A} = {073B0B16-B559-45A6-A8CE-83A6D863255E}
		{718AF6A2-9B4B-4B6C-B931-7760D17000C0} = {073B0B16-B559-45A6-A8CE-83A6D863255E}
		{AC1E7F6D-E06E-4CEC-8D08-9C4E3C23A70C} = {073B0B16-B559-45A6-A8CE-83A6D863255E}
		{6244A825-A67D-454D-B96E-8F63D804A8EB} = {073B0B16-B559-45A6-A8CE-83A6D863255E}
		{193E18DE-7F43-4786-977D-2BB26D65A7B0} = {073B0B16-B559-45A6-A8CE-83A6D863255E}
		{CE586A30-E9C7-4A29-BE69-753ACB1C90D0} = {7E508921-CD1D-4FEB-8025-7E54B3F5CFF4}
		{66D9DD05-D06E-454F-AD92-2AC3DF7BD8B3} = {94851855-81CB-441B-9043-5640964F687D}
	EndGlobalSection
EndGlobal
