
Microsoft Visual Studio Solution File, Format Version 12.00
# Visual Studio 2013
VisualStudioVersion = 12.0.30626.0
MinimumVisualStudioVersion = 10.0.40219.1
Project("{FAE04EC0-301F-11D3-BF4B-00C04F79EFBC}") = "BattleNetShop.Model", "BattleNetShop.Model\BattleNetShop.Model.csproj", "{0144DE51-520F-4226-8AEA-ACCD5CEEF6BF}"
EndProject
Project("{FAE04EC0-301F-11D3-BF4B-00C04F79EFBC}") = "BattleNetShop.Data", "BattleNetShop.Data\BattleNetShop.Data.csproj", "{6BF7172A-E7DB-42C5-8122-6D6B65EAFF5A}"
EndProject
Project("{2150E333-8FDC-42A3-9474-1A3956D46DE8}") = "Fiddles", "Fiddles", "{28B9F19D-9442-4007-82A7-BC7395933077}"
EndProject
Project("{2150E333-8FDC-42A3-9474-1A3956D46DE8}") = "Seeds", "Seeds", "{23D0C6B6-2D6C-4039-9D49-8788BFAA24C6}"
EndProject
Project("{FAE04EC0-301F-11D3-BF4B-00C04F79EFBC}") = "DBGenerationTest", "DBGenerationTest\DBGenerationTest.csproj", "{5758307E-504E-4F42-916B-7C46F4A92F83}"
EndProject
Project("{FAE04EC0-301F-11D3-BF4B-00C04F79EFBC}") = "BattleNetShop.Initial.MongoDBSeed", "BattleNetShop.Initial.MongoDBSeed\BattleNetShop.Initial.MongoDBSeed.csproj", "{C863FE51-57D9-4D40-90D9-C66F307BB1C1}"
EndProject
Project("{FAE04EC0-301F-11D3-BF4B-00C04F79EFBC}") = "BattleNetShop.Initial.ZippedExcelFilesSeed", "BattleNetShop.Initial.ZippedExcelFilesSeed\BattleNetShop.Initial.ZippedExcelFilesSeed.csproj", "{9E5B0656-F0AA-4738-93C4-329CB247E8D7}"
EndProject
Global
	GlobalSection(SolutionConfigurationPlatforms) = preSolution
		Debug|Any CPU = Debug|Any CPU
		Release|Any CPU = Release|Any CPU
	EndGlobalSection
	GlobalSection(ProjectConfigurationPlatforms) = postSolution
		{0144DE51-520F-4226-8AEA-ACCD5CEEF6BF}.Debug|Any CPU.ActiveCfg = Debug|Any CPU
		{0144DE51-520F-4226-8AEA-ACCD5CEEF6BF}.Debug|Any CPU.Build.0 = Debug|Any CPU
		{0144DE51-520F-4226-8AEA-ACCD5CEEF6BF}.Release|Any CPU.ActiveCfg = Release|Any CPU
		{0144DE51-520F-4226-8AEA-ACCD5CEEF6BF}.Release|Any CPU.Build.0 = Release|Any CPU
		{6BF7172A-E7DB-42C5-8122-6D6B65EAFF5A}.Debug|Any CPU.ActiveCfg = Debug|Any CPU
		{6BF7172A-E7DB-42C5-8122-6D6B65EAFF5A}.Debug|Any CPU.Build.0 = Debug|Any CPU
		{6BF7172A-E7DB-42C5-8122-6D6B65EAFF5A}.Release|Any CPU.ActiveCfg = Release|Any CPU
		{6BF7172A-E7DB-42C5-8122-6D6B65EAFF5A}.Release|Any CPU.Build.0 = Release|Any CPU
		{5758307E-504E-4F42-916B-7C46F4A92F83}.Debug|Any CPU.ActiveCfg = Debug|Any CPU
		{5758307E-504E-4F42-916B-7C46F4A92F83}.Debug|Any CPU.Build.0 = Debug|Any CPU
		{5758307E-504E-4F42-916B-7C46F4A92F83}.Release|Any CPU.ActiveCfg = Release|Any CPU
		{5758307E-504E-4F42-916B-7C46F4A92F83}.Release|Any CPU.Build.0 = Release|Any CPU
		{C863FE51-57D9-4D40-90D9-C66F307BB1C1}.Debug|Any CPU.ActiveCfg = Debug|Any CPU
		{C863FE51-57D9-4D40-90D9-C66F307BB1C1}.Debug|Any CPU.Build.0 = Debug|Any CPU
		{C863FE51-57D9-4D40-90D9-C66F307BB1C1}.Release|Any CPU.ActiveCfg = Release|Any CPU
		{C863FE51-57D9-4D40-90D9-C66F307BB1C1}.Release|Any CPU.Build.0 = Release|Any CPU
		{9E5B0656-F0AA-4738-93C4-329CB247E8D7}.Debug|Any CPU.ActiveCfg = Debug|Any CPU
		{9E5B0656-F0AA-4738-93C4-329CB247E8D7}.Debug|Any CPU.Build.0 = Debug|Any CPU
		{9E5B0656-F0AA-4738-93C4-329CB247E8D7}.Release|Any CPU.ActiveCfg = Release|Any CPU
		{9E5B0656-F0AA-4738-93C4-329CB247E8D7}.Release|Any CPU.Build.0 = Release|Any CPU
	EndGlobalSection
	GlobalSection(SolutionProperties) = preSolution
		HideSolutionNode = FALSE
	EndGlobalSection
	GlobalSection(NestedProjects) = preSolution
		{5758307E-504E-4F42-916B-7C46F4A92F83} = {28B9F19D-9442-4007-82A7-BC7395933077}
		{C863FE51-57D9-4D40-90D9-C66F307BB1C1} = {23D0C6B6-2D6C-4039-9D49-8788BFAA24C6}
		{9E5B0656-F0AA-4738-93C4-329CB247E8D7} = {23D0C6B6-2D6C-4039-9D49-8788BFAA24C6}
	EndGlobalSection
EndGlobal
